
Microsoft Visual Studio Solution File, Format Version 12.00
# Visual Studio Version 16
VisualStudioVersion = 16.0.31624.102
MinimumVisualStudioVersion = 10.0.40219.1
Project("{8BC9CEB8-8B4A-11D0-8D11-00A0C91BC942}") = "lab1", "lab1\lab1.vcxproj", "{5AD02F29-6238-49BB-A795-1A8076E86A20}"
EndProject
Project("{8BC9CEB8-8B4A-11D0-8D11-00A0C91BC942}") = "001", "001\001.vcxproj", "{7AE5A348-9AE4-43ED-A234-5812D3B53F60}"
EndProject
Project("{8BC9CEB8-8B4A-11D0-8D11-00A0C91BC942}") = "002", "002\002.vcxproj", "{1BF2D4EE-6246-46E6-98E8-EE1EEC31E323}"
EndProject
Project("{8BC9CEB8-8B4A-11D0-8D11-00A0C91BC942}") = "003", "003\003.vcxproj", "{0B574FCB-5466-4A96-B9E3-85E4BCCF2BE0}"
EndProject
Project("{8BC9CEB8-8B4A-11D0-8D11-00A0C91BC942}") = "004", "004\004.vcxproj", "{BC6B1424-1AF8-497A-9653-7D57D33AE78C}"
EndProject
Project("{8BC9CEB8-8B4A-11D0-8D11-00A0C91BC942}") = "004.1", "004.1\004.1.vcxproj", "{19F633E9-8579-4C56-B0CC-FC93E24683A9}"
EndProject
Project("{8BC9CEB8-8B4A-11D0-8D11-00A0C91BC942}") = "005", "005\005.vcxproj", "{3DF5566B-C799-4CA1-8B23-A843A39CF3DC}"
EndProject
Project("{8BC9CEB8-8B4A-11D0-8D11-00A0C91BC942}") = "006", "006\006.vcxproj", "{93248F20-2E84-414A-B716-34BDEE75717F}"
EndProject
Project("{8BC9CEB8-8B4A-11D0-8D11-00A0C91BC942}") = "lab2", "..\lab2\lab2.vcxproj", "{F8343B14-1500-4B7A-8B43-33A4AABBAADF}"
EndProject
Global
	GlobalSection(SolutionConfigurationPlatforms) = preSolution
		Debug|x64 = Debug|x64
		Debug|x86 = Debug|x86
		Release|x64 = Release|x64
		Release|x86 = Release|x86
	EndGlobalSection
	GlobalSection(ProjectConfigurationPlatforms) = postSolution
		{5AD02F29-6238-49BB-A795-1A8076E86A20}.Debug|x64.ActiveCfg = Debug|x64
		{5AD02F29-6238-49BB-A795-1A8076E86A20}.Debug|x64.Build.0 = Debug|x64
		{5AD02F29-6238-49BB-A795-1A8076E86A20}.Debug|x86.ActiveCfg = Debug|Win32
		{5AD02F29-6238-49BB-A795-1A8076E86A20}.Debug|x86.Build.0 = Debug|Win32
		{5AD02F29-6238-49BB-A795-1A8076E86A20}.Release|x64.ActiveCfg = Release|x64
		{5AD02F29-6238-49BB-A795-1A8076E86A20}.Release|x64.Build.0 = Release|x64
		{5AD02F29-6238-49BB-A795-1A8076E86A20}.Release|x86.ActiveCfg = Release|Win32
		{5AD02F29-6238-49BB-A795-1A8076E86A20}.Release|x86.Build.0 = Release|Win32
		{7AE5A348-9AE4-43ED-A234-5812D3B53F60}.Debug|x64.ActiveCfg = Debug|x64
		{7AE5A348-9AE4-43ED-A234-5812D3B53F60}.Debug|x64.Build.0 = Debug|x64
		{7AE5A348-9AE4-43ED-A234-5812D3B53F60}.Debug|x86.ActiveCfg = Debug|Win32
		{7AE5A348-9AE4-43ED-A234-5812D3B53F60}.Debug|x86.Build.0 = Debug|Win32
		{7AE5A348-9AE4-43ED-A234-5812D3B53F60}.Release|x64.ActiveCfg = Release|x64
		{7AE5A348-9AE4-43ED-A234-5812D3B53F60}.Release|x64.Build.0 = Release|x64
		{7AE5A348-9AE4-43ED-A234-5812D3B53F60}.Release|x86.ActiveCfg = Release|Win32
		{7AE5A348-9AE4-43ED-A234-5812D3B53F60}.Release|x86.Build.0 = Release|Win32
		{1BF2D4EE-6246-46E6-98E8-EE1EEC31E323}.Debug|x64.ActiveCfg = Debug|x64
		{1BF2D4EE-6246-46E6-98E8-EE1EEC31E323}.Debug|x64.Build.0 = Debug|x64
		{1BF2D4EE-6246-46E6-98E8-EE1EEC31E323}.Debug|x86.ActiveCfg = Debug|Win32
		{1BF2D4EE-6246-46E6-98E8-EE1EEC31E323}.Debug|x86.Build.0 = Debug|Win32
		{1BF2D4EE-6246-46E6-98E8-EE1EEC31E323}.Release|x64.ActiveCfg = Release|x64
		{1BF2D4EE-6246-46E6-98E8-EE1EEC31E323}.Release|x64.Build.0 = Release|x64
		{1BF2D4EE-6246-46E6-98E8-EE1EEC31E323}.Release|x86.ActiveCfg = Release|Win32
		{1BF2D4EE-6246-46E6-98E8-EE1EEC31E323}.Release|x86.Build.0 = Release|Win32
		{0B574FCB-5466-4A96-B9E3-85E4BCCF2BE0}.Debug|x64.ActiveCfg = Debug|x64
		{0B574FCB-5466-4A96-B9E3-85E4BCCF2BE0}.Debug|x64.Build.0 = Debug|x64
		{0B574FCB-5466-4A96-B9E3-85E4BCCF2BE0}.Debug|x86.ActiveCfg = Debug|Win32
		{0B574FCB-5466-4A96-B9E3-85E4BCCF2BE0}.Debug|x86.Build.0 = Debug|Win32
		{0B574FCB-5466-4A96-B9E3-85E4BCCF2BE0}.Release|x64.ActiveCfg = Release|x64
		{0B574FCB-5466-4A96-B9E3-85E4BCCF2BE0}.Release|x64.Build.0 = Release|x64
		{0B574FCB-5466-4A96-B9E3-85E4BCCF2BE0}.Release|x86.ActiveCfg = Release|Win32
		{0B574FCB-5466-4A96-B9E3-85E4BCCF2BE0}.Release|x86.Build.0 = Release|Win32
		{BC6B1424-1AF8-497A-9653-7D57D33AE78C}.Debug|x64.ActiveCfg = Debug|x64
		{BC6B1424-1AF8-497A-9653-7D57D33AE78C}.Debug|x64.Build.0 = Debug|x64
		{BC6B1424-1AF8-497A-9653-7D57D33AE78C}.Debug|x86.ActiveCfg = Debug|Win32
		{BC6B1424-1AF8-497A-9653-7D57D33AE78C}.Debug|x86.Build.0 = Debug|Win32
		{BC6B1424-1AF8-497A-9653-7D57D33AE78C}.Release|x64.ActiveCfg = Release|x64
		{BC6B1424-1AF8-497A-9653-7D57D33AE78C}.Release|x64.Build.0 = Release|x64
		{BC6B1424-1AF8-497A-9653-7D57D33AE78C}.Release|x86.ActiveCfg = Release|Win32
		{BC6B1424-1AF8-497A-9653-7D57D33AE78C}.Release|x86.Build.0 = Release|Win32
		{19F633E9-8579-4C56-B0CC-FC93E24683A9}.Debug|x64.ActiveCfg = Debug|x64
		{19F633E9-8579-4C56-B0CC-FC93E24683A9}.Debug|x64.Build.0 = Debug|x64
		{19F633E9-8579-4C56-B0CC-FC93E24683A9}.Debug|x86.ActiveCfg = Debug|Win32
		{19F633E9-8579-4C56-B0CC-FC93E24683A9}.Debug|x86.Build.0 = Debug|Win32
		{19F633E9-8579-4C56-B0CC-FC93E24683A9}.Release|x64.ActiveCfg = Release|x64
		{19F633E9-8579-4C56-B0CC-FC93E24683A9}.Release|x64.Build.0 = Release|x64
		{19F633E9-8579-4C56-B0CC-FC93E24683A9}.Release|x86.ActiveCfg = Release|Win32
		{19F633E9-8579-4C56-B0CC-FC93E24683A9}.Release|x86.Build.0 = Release|Win32
		{3DF5566B-C799-4CA1-8B23-A843A39CF3DC}.Debug|x64.ActiveCfg = Debug|x64
		{3DF5566B-C799-4CA1-8B23-A843A39CF3DC}.Debug|x64.Build.0 = Debug|x64
		{3DF5566B-C799-4CA1-8B23-A843A39CF3DC}.Debug|x86.ActiveCfg = Debug|Win32
		{3DF5566B-C799-4CA1-8B23-A843A39CF3DC}.Debug|x86.Build.0 = Debug|Win32
		{3DF5566B-C799-4CA1-8B23-A843A39CF3DC}.Release|x64.ActiveCfg = Release|x64
		{3DF5566B-C799-4CA1-8B23-A843A39CF3DC}.Release|x64.Build.0 = Release|x64
		{3DF5566B-C799-4CA1-8B23-A843A39CF3DC}.Release|x86.ActiveCfg = Release|Win32
		{3DF5566B-C799-4CA1-8B23-A843A39CF3DC}.Release|x86.Build.0 = Release|Win32
		{93248F20-2E84-414A-B716-34BDEE75717F}.Debug|x64.ActiveCfg = Debug|x64
		{93248F20-2E84-414A-B716-34BDEE75717F}.Debug|x64.Build.0 = Debug|x64
		{93248F20-2E84-414A-B716-34BDEE75717F}.Debug|x86.ActiveCfg = Debug|Win32
		{93248F20-2E84-414A-B716-34BDEE75717F}.Debug|x86.Build.0 = Debug|Win32
		{93248F20-2E84-414A-B716-34BDEE75717F}.Release|x64.ActiveCfg = Release|x64
		{93248F20-2E84-414A-B716-34BDEE75717F}.Release|x64.Build.0 = Release|x64
		{93248F20-2E84-414A-B716-34BDEE75717F}.Release|x86.ActiveCfg = Release|Win32
		{93248F20-2E84-414A-B716-34BDEE75717F}.Release|x86.Build.0 = Release|Win32
		{F8343B14-1500-4B7A-8B43-33A4AABBAADF}.Debug|x64.ActiveCfg = Debug|x64
		{F8343B14-1500-4B7A-8B43-33A4AABBAADF}.Debug|x64.Build.0 = Debug|x64
		{F8343B14-1500-4B7A-8B43-33A4AABBAADF}.Debug|x86.ActiveCfg = Debug|Win32
		{F8343B14-1500-4B7A-8B43-33A4AABBAADF}.Debug|x86.Build.0 = Debug|Win32
		{F8343B14-1500-4B7A-8B43-33A4AABBAADF}.Release|x64.ActiveCfg = Release|x64
		{F8343B14-1500-4B7A-8B43-33A4AABBAADF}.Release|x64.Build.0 = Release|x64
		{F8343B14-1500-4B7A-8B43-33A4AABBAADF}.Release|x86.ActiveCfg = Release|Win32
		{F8343B14-1500-4B7A-8B43-33A4AABBAADF}.Release|x86.Build.0 = Release|Win32
	EndGlobalSection
	GlobalSection(SolutionProperties) = preSolution
		HideSolutionNode = FALSE
	EndGlobalSection
	GlobalSection(ExtensibilityGlobals) = postSolution
		SolutionGuid = {CE1362AF-7BC9-4954-8B21-F6A0B760A267}
	EndGlobalSection
EndGlobal
